# This file is automatically @generated by Poetry 2.1.1 and should not be changed by hand.

[[package]]
name = "bili-ticket-gt-python"
version = "0.2.8"
description = ""
optional = false
python-versions = ">=3.8"
groups = ["main"]
files = [
    {file = "bili_ticket_gt_python-0.2.8-cp310-cp310-win_amd64.whl", hash = "sha256:653e10d8d71a224782312976c0f7f0bb463f79307e97931071722b18f0ab39b4"},
    {file = "bili_ticket_gt_python-0.2.8-cp311-cp311-macosx_10_12_x86_64.whl", hash = "sha256:8296cd4fccbea9236fd6ca8ad61a96d1e19ba7c71d6711872285bde0982a36ab"},
    {file = "bili_ticket_gt_python-0.2.8-cp311-cp311-macosx_11_0_arm64.whl", hash = "sha256:8fd3e3614d117fbdfb987c10e76807d0036b804b6ab5de287998aedf6395859c"},
    {file = "bili_ticket_gt_python-0.2.8-cp311-cp311-win_amd64.whl", hash = "sha256:9364be4f026f58cca387bde4b071464da3c1f07421c109ddea58777ab03d9b8d"},
    {file = "bili_ticket_gt_python-0.2.8-cp312-cp312-macosx_10_12_x86_64.whl", hash = "sha256:a6f973a6983ab2bfdd42773a3f117bef564a3901a7ed182ba1293e78372ac0ea"},
    {file = "bili_ticket_gt_python-0.2.8-cp312-cp312-macosx_11_0_arm64.whl", hash = "sha256:5516c9a11fba3783a61ef73a5884bf393016cf9fd2998de6369d3202360f000a"},
    {file = "bili_ticket_gt_python-0.2.8-cp312-cp312-manylinux_2_38_x86_64.whl", hash = "sha256:cf47e1506058cf26e160cb778dbeeddb028e55429b0ad75b83611e098228c08a"},
    {file = "bili_ticket_gt_python-0.2.8-cp312-cp312-win_amd64.whl", hash = "sha256:50d406ebf840d125f99430cbd684c7e41d537d76dc5d71956ace02d0503914d8"},
    {file = "bili_ticket_gt_python-0.2.8-cp313-cp313-macosx_10_12_x86_64.whl", hash = "sha256:63dde3ffa4bdfcceaf4b82083fffa658295f83cfa0e472244c85168dee1e6629"},
    {file = "bili_ticket_gt_python-0.2.8-cp313-cp313-macosx_11_0_arm64.whl", hash = "sha256:b4fa1f5d9c009288ed365d86485ec23a7794ddd5be924e2774030c6445322080"},
    {file = "bili_ticket_gt_python-0.2.8-cp313-cp313-manylinux_2_38_x86_64.whl", hash = "sha256:3469700b889786915083cff7ac235b08b996a43ec746d44bcc75b6cf8f9c5b43"},
    {file = "bili_ticket_gt_python-0.2.8-cp313-cp313-win_amd64.whl", hash = "sha256:3c791b8dd11ebc08c2a42b501a94a3419d5476f66d1e2e956002401477148841"},
    {file = "bili_ticket_gt_python-0.2.8-cp38-cp38-win_amd64.whl", hash = "sha256:f1a1ed84e57a606e3b97fd8e438f843c10ba2940ca2e0247f95fd1b612f5a802"},
    {file = "bili_ticket_gt_python-0.2.8-cp39-cp39-win_amd64.whl", hash = "sha256:9711787ea126d310d0e895e031680b982752e8e6c5bc7f7980cb39739efbdb63"},
    {file = "bili_ticket_gt_python-0.2.8.tar.gz", hash = "sha256:e091d48be1d5490328a9fad77beac922cd624380dab2ebcf1238c374b902eb8d"},
]

[[package]]
name = "colorama"
version = "0.4.6"
description = "Cross-platform colored terminal text."
optional = false
python-versions = "!=3.0.*,!=3.1.*,!=3.2.*,!=3.3.*,!=3.4.*,!=3.5.*,!=3.6.*,>=2.7"
groups = ["main"]
markers = "sys_platform == \"win32\""
files = [
    {file = "colorama-0.4.6-py2.py3-none-any.whl", hash = "sha256:4f1d9991f5acc0ca119f9d443620b77f9d6b33703e51011c16baf57afb285fc6"},
    {file = "colorama-0.4.6.tar.gz", hash = "sha256:08695f5cb7ed6e0531a20572697297273c47b8cae5a63ffc6d6ed5c201be6e44"},
]

[[package]]
name = "loguru"
version = "0.7.3"
description = "Python logging made (stupidly) simple"
optional = false
python-versions = "<4.0,>=3.5"
groups = ["main"]
files = [
    {file = "loguru-0.7.3-py3-none-any.whl", hash = "sha256:31a33c10c8e1e10422bfd431aeb5d351c7cf7fa671e3c4df004162264b28220c"},
    {file = "loguru-0.7.3.tar.gz", hash = "sha256:19480589e77d47b8d85b2c827ad95d49bf31b0dcde16593892eb51dd18706eb6"},
]

[package.dependencies]
colorama = {version = ">=0.3.4", markers = "sys_platform == \"win32\""}
win32-setctime = {version = ">=1.0.0", markers = "sys_platform == \"win32\""}

[package.extras]
dev = ["Sphinx (==8.1.3) ; python_version >= \"3.11\"", "build (==1.2.2) ; python_version >= \"3.11\"", "colorama (==0.4.5) ; python_version < \"3.8\"", "colorama (==0.4.6) ; python_version >= \"3.8\"", "exceptiongroup (==1.1.3) ; python_version >= \"3.7\" and python_version < \"3.11\"", "freezegun (==1.1.0) ; python_version < \"3.8\"", "freezegun (==1.5.0) ; python_version >= \"3.8\"", "mypy (==v0.910) ; python_version < \"3.6\"", "mypy (==v0.971) ; python_version == \"3.6\"", "mypy (==v1.13.0) ; python_version >= \"3.8\"", "mypy (==v1.4.1) ; python_version == \"3.7\"", "myst-parser (==4.0.0) ; python_version >= \"3.11\"", "pre-commit (==4.0.1) ; python_version >= \"3.9\"", "pytest (==6.1.2) ; python_version < \"3.8\"", "pytest (==8.3.2) ; python_version >= \"3.8\"", "pytest-cov (==2.12.1) ; python_version < \"3.8\"", "pytest-cov (==5.0.0) ; python_version == \"3.8\"", "pytest-cov (==6.0.0) ; python_version >= \"3.9\"", "pytest-mypy-plugins (==1.9.3) ; python_version >= \"3.6\" and python_version < \"3.8\"", "pytest-mypy-plugins (==3.1.0) ; python_version >= \"3.8\"", "sphinx-rtd-theme (==3.0.2) ; python_version >= \"3.11\"", "tox (==3.27.1) ; python_version < \"3.8\"", "tox (==4.23.2) ; python_version >= \"3.8\"", "twine (==6.0.1) ; python_version >= \"3.11\""]

[[package]]
name = "pycryptodome"
version = "3.22.0"
description = "Cryptographic library for Python"
optional = false
python-versions = "!=3.0.*,!=3.1.*,!=3.2.*,!=3.3.*,!=3.4.*,!=3.5.*,!=3.6.*,>=2.7"
groups = ["main"]
files = [
    {file = "pycryptodome-3.22.0-cp27-cp27m-macosx_10_9_x86_64.whl", hash = "sha256:96e73527c9185a3d9b4c6d1cfb4494f6ced418573150be170f6580cb975a7f5a"},
    {file = "pycryptodome-3.22.0-cp27-cp27m-manylinux2010_i686.whl", hash = "sha256:9e1bb165ea1dc83a11e5dbbe00ef2c378d148f3a2d3834fb5ba4e0f6fd0afe4b"},
    {file = "pycryptodome-3.22.0-cp27-cp27m-manylinux2010_x86_64.whl", hash = "sha256:d4d1174677855c266eed5c4b4e25daa4225ad0c9ffe7584bb1816767892545d0"},
    {file = "pycryptodome-3.22.0-cp27-cp27m-win32.whl", hash = "sha256:9dbb749cef71c28271484cbef684f9b5b19962153487735411e1020ca3f59cb1"},
    {file = "pycryptodome-3.22.0-cp27-cp27mu-manylinux2010_i686.whl", hash = "sha256:f1ae7beb64d4fc4903a6a6cca80f1f448e7a8a95b77d106f8a29f2eb44d17547"},
    {file = "pycryptodome-3.22.0-cp27-cp27mu-manylinux2010_x86_64.whl", hash = "sha256:a26bcfee1293b7257c83b0bd13235a4ee58165352be4f8c45db851ba46996dc6"},
    {file = "pycryptodome-3.22.0-cp37-abi3-macosx_10_9_universal2.whl", hash = "sha256:009e1c80eea42401a5bd5983c4bab8d516aef22e014a4705622e24e6d9d703c6"},
    {file = "pycryptodome-3.22.0-cp37-abi3-macosx_10_9_x86_64.whl", hash = "sha256:3b76fa80daeff9519d7e9f6d9e40708f2fce36b9295a847f00624a08293f4f00"},
    {file = "pycryptodome-3.22.0-cp37-abi3-manylinux_2_17_aarch64.manylinux2014_aarch64.whl", hash = "sha256:a31fa5914b255ab62aac9265654292ce0404f6b66540a065f538466474baedbc"},
    {file = "pycryptodome-3.22.0-cp37-abi3-manylinux_2_17_x86_64.manylinux2014_x86_64.whl", hash = "sha256:a0092fd476701eeeb04df5cc509d8b739fa381583cda6a46ff0a60639b7cd70d"},
    {file = "pycryptodome-3.22.0-cp37-abi3-manylinux_2_5_i686.manylinux1_i686.manylinux_2_17_i686.manylinux2014_i686.whl", hash = "sha256:18d5b0ddc7cf69231736d778bd3ae2b3efb681ae33b64b0c92fb4626bb48bb89"},
    {file = "pycryptodome-3.22.0-cp37-abi3-musllinux_1_2_aarch64.whl", hash = "sha256:f6cf6aa36fcf463e622d2165a5ad9963b2762bebae2f632d719dfb8544903cf5"},
    {file = "pycryptodome-3.22.0-cp37-abi3-musllinux_1_2_i686.whl", hash = "sha256:aec7b40a7ea5af7c40f8837adf20a137d5e11a6eb202cde7e588a48fb2d871a8"},
    {file = "pycryptodome-3.22.0-cp37-abi3-musllinux_1_2_x86_64.whl", hash = "sha256:d21c1eda2f42211f18a25db4eaf8056c94a8563cd39da3683f89fe0d881fb772"},
    {file = "pycryptodome-3.22.0-cp37-abi3-win32.whl", hash = "sha256:f02baa9f5e35934c6e8dcec91fcde96612bdefef6e442813b8ea34e82c84bbfb"},
    {file = "pycryptodome-3.22.0-cp37-abi3-win_amd64.whl", hash = "sha256:d086aed307e96d40c23c42418cbbca22ecc0ab4a8a0e24f87932eeab26c08627"},
    {file = "pycryptodome-3.22.0-pp27-pypy_73-manylinux2010_x86_64.whl", hash = "sha256:98fd9da809d5675f3a65dcd9ed384b9dc67edab6a4cda150c5870a8122ec961d"},
    {file = "pycryptodome-3.22.0-pp27-pypy_73-win32.whl", hash = "sha256:37ddcd18284e6b36b0a71ea495a4c4dca35bb09ccc9bfd5b91bfaf2321f131c1"},
    {file = "pycryptodome-3.22.0-pp310-pypy310_pp73-macosx_10_15_x86_64.whl", hash = "sha256:b4bdce34af16c1dcc7f8c66185684be15f5818afd2a82b75a4ce6b55f9783e13"},
    {file = "pycryptodome-3.22.0-pp310-pypy310_pp73-manylinux_2_17_aarch64.manylinux2014_aarch64.whl", hash = "sha256:2988ffcd5137dc2d27eb51cd18c0f0f68e5b009d5fec56fbccb638f90934f333"},
    {file = "pycryptodome-3.22.0-pp310-pypy310_pp73-manylinux_2_17_x86_64.manylinux2014_x86_64.whl", hash = "sha256:e653519dedcd1532788547f00eeb6108cc7ce9efdf5cc9996abce0d53f95d5a9"},
    {file = "pycryptodome-3.22.0-pp310-pypy310_pp73-manylinux_2_5_i686.manylinux1_i686.manylinux_2_17_i686.manylinux2014_i686.whl", hash = "sha256:f5810bc7494e4ac12a4afef5a32218129e7d3890ce3f2b5ec520cc69eb1102ad"},
    {file = "pycryptodome-3.22.0-pp310-pypy310_pp73-win_amd64.whl", hash = "sha256:e7514a1aebee8e85802d154fdb261381f1cb9b7c5a54594545145b8ec3056ae6"},
    {file = "pycryptodome-3.22.0-pp39-pypy39_pp73-macosx_10_15_x86_64.whl", hash = "sha256:56c6f9342fcb6c74e205fbd2fee568ec4cdbdaa6165c8fde55dbc4ba5f584464"},
    {file = "pycryptodome-3.22.0-pp39-pypy39_pp73-manylinux_2_17_aarch64.manylinux2014_aarch64.whl", hash = "sha256:87a88dc543b62b5c669895caf6c5a958ac7abc8863919e94b7a6cafd2f64064f"},
    {file = "pycryptodome-3.22.0-pp39-pypy39_pp73-manylinux_2_17_x86_64.manylinux2014_x86_64.whl", hash = "sha256:f7a683bc9fa585c0dfec7fa4801c96a48d30b30b096e3297f9374f40c2fedafc"},
    {file = "pycryptodome-3.22.0-pp39-pypy39_pp73-manylinux_2_5_i686.manylinux1_i686.manylinux_2_17_i686.manylinux2014_i686.whl", hash = "sha256:8f4f6f47a7f411f2c157e77bbbda289e0c9f9e1e9944caa73c1c2e33f3f92d6e"},
    {file = "pycryptodome-3.22.0-pp39-pypy39_pp73-win_amd64.whl", hash = "sha256:a6cf9553b29624961cab0785a3177a333e09e37ba62ad22314ebdbb01ca79840"},
    {file = "pycryptodome-3.22.0.tar.gz", hash = "sha256:fd7ab568b3ad7b77c908d7c3f7e167ec5a8f035c64ff74f10d47a4edd043d723"},
]

[[package]]
name = "win32-setctime"
version = "1.2.0"
description = "A small Python utility to set file creation time on Windows"
optional = false
python-versions = ">=3.5"
groups = ["main"]
markers = "sys_platform == \"win32\""
files = [
    {file = "win32_setctime-1.2.0-py3-none-any.whl", hash = "sha256:95d644c4e708aba81dc3704a116d8cbc974d70b3bdb8be1d150e36be6e9d1390"},
    {file = "win32_setctime-1.2.0.tar.gz", hash = "sha256:ae1fdf948f5640aae05c511ade119313fb6a30d7eabe25fef9764dca5873c4c0"},
]

[package.extras]
dev = ["black (>=19.3b0) ; python_version >= \"3.6\"", "pytest (>=4.6.2)"]

[metadata]
lock-version = "2.1"
python-versions = ">=3.10,<3.14"
content-hash = "da2773fd7e7821e3476c18f92560350a4932ac359d882115a9f142a28cc5b213"
